
Microsoft Visual Studio Solution File, Format Version 12.00
# Visual Studio Version 17
VisualStudioVersion = 17.6.33723.286
MinimumVisualStudioVersion = 10.0.40219.1
Project("{8BC9CEB8-8B4A-11D0-8D11-00A0C91BC942}") = "InputKeys", "InputKeys\InputKeys.vcxproj", "{73BCE86B-5A72-4E29-BE81-5B564DA376ED}"
EndProject
Global
	GlobalSection(SolutionConfigurationPlatforms) = preSolution
		Debug|x64 = Debug|x64
		Debug|x86 = Debug|x86
		Release|x64 = Release|x64
		Release|x86 = Release|x86
	EndGlobalSection
	GlobalSection(ProjectConfigurationPlatforms) = postSolution
		{73BCE86B-5A72-4E29-BE81-5B564DA376ED}.Debug|x64.ActiveCfg = Debug|x64
		{73BCE86B-5A72-4E29-BE81-5B564DA376ED}.Debug|x64.Build.0 = Debug|x64
		{73BCE86B-5A72-4E29-BE81-5B564DA376ED}.Debug|x86.ActiveCfg = Debug|Win32
		{73BCE86B-5A72-4E29-BE81-5B564DA376ED}.Debug|x86.Build.0 = Debug|Win32
		{73BCE86B-5A72-4E29-BE81-5B564DA376ED}.Release|x64.ActiveCfg = Release|x64
		{73BCE86B-5A72-4E29-BE81-5B564DA376ED}.Release|x64.Build.0 = Release|x64
		{73BCE86B-5A72-4E29-BE81-5B564DA376ED}.Release|x86.ActiveCfg = Release|Win32
		{73BCE86B-5A72-4E29-BE81-5B564DA376ED}.Release|x86.Build.0 = Release|Win32
	EndGlobalSection
	GlobalSection(SolutionProperties) = preSolution
		HideSolutionNode = FALSE
	EndGlobalSection
	GlobalSection(ExtensibilityGlobals) = postSolution
		SolutionGuid = {1B28CB56-3A1A-485E-BC39-ACE66D2579B8}
	EndGlobalSection
EndGlobal
